
Microsoft Visual Studio Solution File, Format Version 12.00
# Visual Studio Version 16
VisualStudioVersion = 16.0.31129.286
MinimumVisualStudioVersion = 10.0.40219.1
Project("{FAE04EC0-301F-11D3-BF4B-00C04F79EFBC}") = "CoursSQLite", "CoursSQLite.csproj", "{DB98889B-9188-46BF-9DBA-DC1783CF9070}"
EndProject
Global
	GlobalSection(SolutionConfigurationPlatforms) = preSolution
		Debug|Any CPU = Debug|Any CPU
		Release|Any CPU = Release|Any CPU
	EndGlobalSection
	GlobalSection(ProjectConfigurationPlatforms) = postSolution
		{DB98889B-9188-46BF-9DBA-DC1783CF9070}.Debug|Any CPU.ActiveCfg = Debug|Any CPU
		{DB98889B-9188-46BF-9DBA-DC1783CF9070}.Debug|Any CPU.Build.0 = Debug|Any CPU
		{DB98889B-9188-46BF-9DBA-DC1783CF9070}.Release|Any CPU.ActiveCfg = Release|Any CPU
		{DB98889B-9188-46BF-9DBA-DC1783CF9070}.Release|Any CPU.Build.0 = Release|Any CPU
	EndGlobalSection
	GlobalSection(SolutionProperties) = preSolution
		HideSolutionNode = FALSE
	EndGlobalSection
	GlobalSection(ExtensibilityGlobals) = postSolution
		SolutionGuid = {1E7BD776-1869-4E5D-B751-2E0854832F12}
	EndGlobalSection
EndGlobal
